
Microsoft Visual Studio Solution File, Format Version 12.00
# Visual Studio Version 16
VisualStudioVersion = 16.0.29209.62
MinimumVisualStudioVersion = 10.0.40219.1
Project("{FAE04EC0-301F-11D3-BF4B-00C04F79EFBC}") = "mari memilih", "mari memilih\mari memilih.csproj", "{3714AB27-BC3E-4D37-AC33-325E53BED6EC}"
EndProject
Global
	GlobalSection(SolutionConfigurationPlatforms) = preSolution
		Debug|Any CPU = Debug|Any CPU
		Release|Any CPU = Release|Any CPU
	EndGlobalSection
	GlobalSection(ProjectConfigurationPlatforms) = postSolution
		{3714AB27-BC3E-4D37-AC33-325E53BED6EC}.Debug|Any CPU.ActiveCfg = Debug|Any CPU
		{3714AB27-BC3E-4D37-AC33-325E53BED6EC}.Debug|Any CPU.Build.0 = Debug|Any CPU
		{3714AB27-BC3E-4D37-AC33-325E53BED6EC}.Release|Any CPU.ActiveCfg = Release|Any CPU
		{3714AB27-BC3E-4D37-AC33-325E53BED6EC}.Release|Any CPU.Build.0 = Release|Any CPU
	EndGlobalSection
	GlobalSection(SolutionProperties) = preSolution
		HideSolutionNode = FALSE
	EndGlobalSection
	GlobalSection(ExtensibilityGlobals) = postSolution
		SolutionGuid = {5346B424-2175-474B-BA44-3F671EE75057}
	EndGlobalSection
EndGlobal
